
Microsoft Visual Studio Solution File, Format Version 12.00
# Visual Studio 15
VisualStudioVersion = 15.0.27428.1
MinimumVisualStudioVersion = 10.0.40219.1
Project("{8BC9CEB8-8B4A-11D0-8D11-00A0C91BC942}") = "ImitationProject", "ImitationProject.vcxproj", "{85276683-FDF9-4AA4-8C78-6C8A25D6FE39}"
EndProject
Global
	GlobalSection(SolutionConfigurationPlatforms) = preSolution
		Debug|x64 = Debug|x64
		Debug|x86 = Debug|x86
		Release|x64 = Release|x64
		Release|x86 = Release|x86
	EndGlobalSection
	GlobalSection(ProjectConfigurationPlatforms) = postSolution
		{85276683-FDF9-4AA4-8C78-6C8A25D6FE39}.Debug|x64.ActiveCfg = Debug|x64
		{85276683-FDF9-4AA4-8C78-6C8A25D6FE39}.Debug|x64.Build.0 = Debug|x64
		{85276683-FDF9-4AA4-8C78-6C8A25D6FE39}.Debug|x86.ActiveCfg = Debug|Win32
		{85276683-FDF9-4AA4-8C78-6C8A25D6FE39}.Debug|x86.Build.0 = Debug|Win32
		{85276683-FDF9-4AA4-8C78-6C8A25D6FE39}.Release|x64.ActiveCfg = Release|x64
		{85276683-FDF9-4AA4-8C78-6C8A25D6FE39}.Release|x64.Build.0 = Release|x64
		{85276683-FDF9-4AA4-8C78-6C8A25D6FE39}.Release|x86.ActiveCfg = Release|Win32
		{85276683-FDF9-4AA4-8C78-6C8A25D6FE39}.Release|x86.Build.0 = Release|Win32
	EndGlobalSection
	GlobalSection(SolutionProperties) = preSolution
		HideSolutionNode = FALSE
	EndGlobalSection
	GlobalSection(ExtensibilityGlobals) = postSolution
		SolutionGuid = {04A6F896-74B5-4DD7-96F8-B8AB68E18A1E}
	EndGlobalSection
EndGlobal
